
Microsoft Visual Studio Solution File, Format Version 12.00
# Visual Studio Version 17
VisualStudioVersion = 17.5.33516.290
MinimumVisualStudioVersion = 10.0.40219.1
Project("{9A19103F-16F7-4668-BE54-9A1E7A4F7556}") = "GeometryTest", "GeometryTest.csproj", "{C2F55775-F265-49C1-97D7-BEB8E249EFCB}"
EndProject
Global
	GlobalSection(SolutionConfigurationPlatforms) = preSolution
		Debug|Any CPU = Debug|Any CPU
		Release|Any CPU = Release|Any CPU
	EndGlobalSection
	GlobalSection(ProjectConfigurationPlatforms) = postSolution
		{C2F55775-F265-49C1-97D7-BEB8E249EFCB}.Debug|Any CPU.ActiveCfg = Debug|Any CPU
		{C2F55775-F265-49C1-97D7-BEB8E249EFCB}.Debug|Any CPU.Build.0 = Debug|Any CPU
		{C2F55775-F265-49C1-97D7-BEB8E249EFCB}.Release|Any CPU.ActiveCfg = Release|Any CPU
		{C2F55775-F265-49C1-97D7-BEB8E249EFCB}.Release|Any CPU.Build.0 = Release|Any CPU
	EndGlobalSection
	GlobalSection(SolutionProperties) = preSolution
		HideSolutionNode = FALSE
	EndGlobalSection
	GlobalSection(ExtensibilityGlobals) = postSolution
		SolutionGuid = {644BF39B-87D7-4891-9C6D-D272587BB74A}
	EndGlobalSection
EndGlobal
